{
  "requires": true,
  "lockfileVersion": 1,
  "dependencies": {
    "react-hook-form": {
      "version": "7.29.0",
      "resolved": "https://registry.npmjs.org/react-hook-form/-/react-hook-form-7.29.0.tgz",
      "integrity": "sha512-NcJqWRF6el5HMW30fqZRt27s+lorvlCCDbTpAyHoodQeYWXgQCvZJJQLC1kRMKdrJknVH0NIg3At6TUzlZJFOQ=="
    }
  }
}
